
Microsoft Visual Studio Solution File, Format Version 12.00
# Visual Studio Version 16
VisualStudioVersion = 16.0.31129.286
MinimumVisualStudioVersion = 10.0.40219.1
Project("{FAE04EC0-301F-11D3-BF4B-00C04F79EFBC}") = "MatchGame", "MatchGame\MatchGame.csproj", "{EDB6ACB0-D5AB-4CDA-A20D-472203E84DE5}"
EndProject
Global
	GlobalSection(SolutionConfigurationPlatforms) = preSolution
		Debug|Any CPU = Debug|Any CPU
		Release|Any CPU = Release|Any CPU
	EndGlobalSection
	GlobalSection(ProjectConfigurationPlatforms) = postSolution
		{EDB6ACB0-D5AB-4CDA-A20D-472203E84DE5}.Debug|Any CPU.ActiveCfg = Debug|Any CPU
		{EDB6ACB0-D5AB-4CDA-A20D-472203E84DE5}.Debug|Any CPU.Build.0 = Debug|Any CPU
		{EDB6ACB0-D5AB-4CDA-A20D-472203E84DE5}.Release|Any CPU.ActiveCfg = Release|Any CPU
		{EDB6ACB0-D5AB-4CDA-A20D-472203E84DE5}.Release|Any CPU.Build.0 = Release|Any CPU
	EndGlobalSection
	GlobalSection(SolutionProperties) = preSolution
		HideSolutionNode = FALSE
	EndGlobalSection
	GlobalSection(ExtensibilityGlobals) = postSolution
		SolutionGuid = {58B33BB2-6DA0-4648-BDE9-9ED76947F428}
	EndGlobalSection
EndGlobal
